
Microsoft Visual Studio Solution File, Format Version 12.00
# Visual Studio Version 17
VisualStudioVersion = 17.5.2.0
MinimumVisualStudioVersion = 10.0.40219.1
Project("{FAE04EC0-301F-11D3-BF4B-00C04F79EFBC}") = "KeyVaultReferenceResolver", "src\KeyVaultReferenceResolver\KeyVaultReferenceResolver.csproj", "{79516DA9-26F3-8A30-CD5A-A018CF1DE53A}"
EndProject
Project("{FAE04EC0-301F-11D3-BF4B-00C04F79EFBC}") = "KeyVaultReferenceResolver.Tests", "tests\KeyVaultReferenceResolver.Tests\KeyVaultReferenceResolver.Tests.csproj", "{B5A3D5C1-7E8F-4A2B-9D6E-3F1C8A9B0E2D}"
EndProject
Project("{FAE04EC0-301F-11D3-BF4B-00C04F79EFBC}") = "KeyVaultReferenceResolver.HashiCorp", "src\KeyVaultReferenceResolver.HashiCorp\KeyVaultReferenceResolver.HashiCorp.csproj", "{A1B2C3D4-E5F6-7890-ABCD-EF1234567890}"
EndProject
Project("{FAE04EC0-301F-11D3-BF4B-00C04F79EFBC}") = "KeyVaultReferenceResolver.HashiCorp.Tests", "tests\KeyVaultReferenceResolver.HashiCorp.Tests\KeyVaultReferenceResolver.HashiCorp.Tests.csproj", "{12345678-90AB-CDEF-1234-567890ABCDEF}"
EndProject
Project("{2150E333-8FDC-42A3-9474-1A3956D46DE8}") = "tests", "tests", "{0AB3BF05-4346-4AA6-1389-037BE0695223}"
EndProject
Project("{FAE04EC0-301F-11D3-BF4B-00C04F79EFBC}") = "KeyVaultReferenceResolver.TestSupport", "tests\KeyVaultReferenceResolver.TestSupport\KeyVaultReferenceResolver.TestSupport.csproj", "{64A5DD95-00D3-44BB-B37A-9C79B9AE560D}"
EndProject
Project("{2150E333-8FDC-42A3-9474-1A3956D46DE8}") = "src", "src", "{827E0CD3-B72D-47B6-A68D-7590B98EB39B}"
EndProject
Global
	GlobalSection(SolutionConfigurationPlatforms) = preSolution
		Debug|Any CPU = Debug|Any CPU
		Debug|x64 = Debug|x64
		Debug|x86 = Debug|x86
		Release|Any CPU = Release|Any CPU
		Release|x64 = Release|x64
		Release|x86 = Release|x86
	EndGlobalSection
	GlobalSection(ProjectConfigurationPlatforms) = postSolution
		{79516DA9-26F3-8A30-CD5A-A018CF1DE53A}.Debug|Any CPU.ActiveCfg = Debug|Any CPU
		{79516DA9-26F3-8A30-CD5A-A018CF1DE53A}.Debug|Any CPU.Build.0 = Debug|Any CPU
		{79516DA9-26F3-8A30-CD5A-A018CF1DE53A}.Debug|x64.ActiveCfg = Debug|Any CPU
		{79516DA9-26F3-8A30-CD5A-A018CF1DE53A}.Debug|x64.Build.0 = Debug|Any CPU
		{79516DA9-26F3-8A30-CD5A-A018CF1DE53A}.Debug|x86.ActiveCfg = Debug|Any CPU
		{79516DA9-26F3-8A30-CD5A-A018CF1DE53A}.Debug|x86.Build.0 = Debug|Any CPU
		{79516DA9-26F3-8A30-CD5A-A018CF1DE53A}.Release|Any CPU.ActiveCfg = Release|Any CPU
		{79516DA9-26F3-8A30-CD5A-A018CF1DE53A}.Release|Any CPU.Build.0 = Release|Any CPU
		{79516DA9-26F3-8A30-CD5A-A018CF1DE53A}.Release|x64.ActiveCfg = Release|Any CPU
		{79516DA9-26F3-8A30-CD5A-A018CF1DE53A}.Release|x64.Build.0 = Release|Any CPU
		{79516DA9-26F3-8A30-CD5A-A018CF1DE53A}.Release|x86.ActiveCfg = Release|Any CPU
		{79516DA9-26F3-8A30-CD5A-A018CF1DE53A}.Release|x86.Build.0 = Release|Any CPU
		{B5A3D5C1-7E8F-4A2B-9D6E-3F1C8A9B0E2D}.Debug|Any CPU.ActiveCfg = Debug|Any CPU
		{B5A3D5C1-7E8F-4A2B-9D6E-3F1C8A9B0E2D}.Debug|Any CPU.Build.0 = Debug|Any CPU
		{B5A3D5C1-7E8F-4A2B-9D6E-3F1C8A9B0E2D}.Debug|x64.ActiveCfg = Debug|Any CPU
		{B5A3D5C1-7E8F-4A2B-9D6E-3F1C8A9B0E2D}.Debug|x64.Build.0 = Debug|Any CPU
		{B5A3D5C1-7E8F-4A2B-9D6E-3F1C8A9B0E2D}.Debug|x86.ActiveCfg = Debug|Any CPU
		{B5A3D5C1-7E8F-4A2B-9D6E-3F1C8A9B0E2D}.Debug|x86.Build.0 = Debug|Any CPU
		{B5A3D5C1-7E8F-4A2B-9D6E-3F1C8A9B0E2D}.Release|Any CPU.ActiveCfg = Release|Any CPU
		{B5A3D5C1-7E8F-4A2B-9D6E-3F1C8A9B0E2D}.Release|Any CPU.Build.0 = Release|Any CPU
		{B5A3D5C1-7E8F-4A2B-9D6E-3F1C8A9B0E2D}.Release|x64.ActiveCfg = Release|Any CPU
		{B5A3D5C1-7E8F-4A2B-9D6E-3F1C8A9B0E2D}.Release|x64.Build.0 = Release|Any CPU
		{B5A3D5C1-7E8F-4A2B-9D6E-3F1C8A9B0E2D}.Release|x86.ActiveCfg = Release|Any CPU
		{B5A3D5C1-7E8F-4A2B-9D6E-3F1C8A9B0E2D}.Release|x86.Build.0 = Release|Any CPU
		{A1B2C3D4-E5F6-7890-ABCD-EF1234567890}.Debug|Any CPU.ActiveCfg = Debug|Any CPU
		{A1B2C3D4-E5F6-7890-ABCD-EF1234567890}.Debug|Any CPU.Build.0 = Debug|Any CPU
		{A1B2C3D4-E5F6-7890-ABCD-EF1234567890}.Debug|x64.ActiveCfg = Debug|Any CPU
		{A1B2C3D4-E5F6-7890-ABCD-EF1234567890}.Debug|x64.Build.0 = Debug|Any CPU
		{A1B2C3D4-E5F6-7890-ABCD-EF1234567890}.Debug|x86.ActiveCfg = Debug|Any CPU
		{A1B2C3D4-E5F6-7890-ABCD-EF1234567890}.Debug|x86.Build.0 = Debug|Any CPU
		{A1B2C3D4-E5F6-7890-ABCD-EF1234567890}.Release|Any CPU.ActiveCfg = Release|Any CPU
		{A1B2C3D4-E5F6-7890-ABCD-EF1234567890}.Release|Any CPU.Build.0 = Release|Any CPU
		{A1B2C3D4-E5F6-7890-ABCD-EF1234567890}.Release|x64.ActiveCfg = Release|Any CPU
		{A1B2C3D4-E5F6-7890-ABCD-EF1234567890}.Release|x64.Build.0 = Release|Any CPU
		{A1B2C3D4-E5F6-7890-ABCD-EF1234567890}.Release|x86.ActiveCfg = Release|Any CPU
		{A1B2C3D4-E5F6-7890-ABCD-EF1234567890}.Release|x86.Build.0 = Release|Any CPU
		{12345678-90AB-CDEF-1234-567890ABCDEF}.Debug|Any CPU.ActiveCfg = Debug|Any CPU
		{12345678-90AB-CDEF-1234-567890ABCDEF}.Debug|Any CPU.Build.0 = Debug|Any CPU
		{12345678-90AB-CDEF-1234-567890ABCDEF}.Debug|x64.ActiveCfg = Debug|Any CPU
		{12345678-90AB-CDEF-1234-567890ABCDEF}.Debug|x64.Build.0 = Debug|Any CPU
		{12345678-90AB-CDEF-1234-567890ABCDEF}.Debug|x86.ActiveCfg = Debug|Any CPU
		{12345678-90AB-CDEF-1234-567890ABCDEF}.Debug|x86.Build.0 = Debug|Any CPU
		{12345678-90AB-CDEF-1234-567890ABCDEF}.Release|Any CPU.ActiveCfg = Release|Any CPU
		{12345678-90AB-CDEF-1234-567890ABCDEF}.Release|Any CPU.Build.0 = Release|Any CPU
		{12345678-90AB-CDEF-1234-567890ABCDEF}.Release|x64.ActiveCfg = Release|Any CPU
		{12345678-90AB-CDEF-1234-567890ABCDEF}.Release|x64.Build.0 = Release|Any CPU
		{12345678-90AB-CDEF-1234-567890ABCDEF}.Release|x86.ActiveCfg = Release|Any CPU
		{12345678-90AB-CDEF-1234-567890ABCDEF}.Release|x86.Build.0 = Release|Any CPU
		{64A5DD95-00D3-44BB-B37A-9C79B9AE560D}.Debug|Any CPU.ActiveCfg = Debug|Any CPU
		{64A5DD95-00D3-44BB-B37A-9C79B9AE560D}.Debug|Any CPU.Build.0 = Debug|Any CPU
		{64A5DD95-00D3-44BB-B37A-9C79B9AE560D}.Debug|x64.ActiveCfg = Debug|Any CPU
		{64A5DD95-00D3-44BB-B37A-9C79B9AE560D}.Debug|x64.Build.0 = Debug|Any CPU
		{64A5DD95-00D3-44BB-B37A-9C79B9AE560D}.Debug|x86.ActiveCfg = Debug|Any CPU
		{64A5DD95-00D3-44BB-B37A-9C79B9AE560D}.Debug|x86.Build.0 = Debug|Any CPU
		{64A5DD95-00D3-44BB-B37A-9C79B9AE560D}.Release|Any CPU.ActiveCfg = Release|Any CPU
		{64A5DD95-00D3-44BB-B37A-9C79B9AE560D}.Release|Any CPU.Build.0 = Release|Any CPU
		{64A5DD95-00D3-44BB-B37A-9C79B9AE560D}.Release|x64.ActiveCfg = Release|Any CPU
		{64A5DD95-00D3-44BB-B37A-9C79B9AE560D}.Release|x64.Build.0 = Release|Any CPU
		{64A5DD95-00D3-44BB-B37A-9C79B9AE560D}.Release|x86.ActiveCfg = Release|Any CPU
		{64A5DD95-00D3-44BB-B37A-9C79B9AE560D}.Release|x86.Build.0 = Release|Any CPU
	EndGlobalSection
	GlobalSection(SolutionProperties) = preSolution
		HideSolutionNode = FALSE
	EndGlobalSection
	GlobalSection(NestedProjects) = preSolution
		{64A5DD95-00D3-44BB-B37A-9C79B9AE560D} = {0AB3BF05-4346-4AA6-1389-037BE0695223}
	EndGlobalSection
	GlobalSection(ExtensibilityGlobals) = postSolution
		SolutionGuid = {57D57ED9-8CCE-4F18-9707-65D09B55D88C}
	EndGlobalSection
EndGlobal
